
Microsoft Visual Studio Solution File, Format Version 12.00
# Visual Studio Version 17
VisualStudioVersion = 17.6.33815.320
MinimumVisualStudioVersion = 10.0.40219.1
Project("{FAE04EC0-301F-11D3-BF4B-00C04F79EFBC}") = "AssignmentApi", "AssignmentApi.csproj", "{B643F32A-4DCE-4C9D-9CBC-7006EDAF488E}"
EndProject
Global
	GlobalSection(SolutionConfigurationPlatforms) = preSolution
		Debug|Any CPU = Debug|Any CPU
		Release|Any CPU = Release|Any CPU
	EndGlobalSection
	GlobalSection(ProjectConfigurationPlatforms) = postSolution
		{B643F32A-4DCE-4C9D-9CBC-7006EDAF488E}.Debug|Any CPU.ActiveCfg = Debug|Any CPU
		{B643F32A-4DCE-4C9D-9CBC-7006EDAF488E}.Debug|Any CPU.Build.0 = Debug|Any CPU
		{B643F32A-4DCE-4C9D-9CBC-7006EDAF488E}.Release|Any CPU.ActiveCfg = Release|Any CPU
		{B643F32A-4DCE-4C9D-9CBC-7006EDAF488E}.Release|Any CPU.Build.0 = Release|Any CPU
	EndGlobalSection
	GlobalSection(SolutionProperties) = preSolution
		HideSolutionNode = FALSE
	EndGlobalSection
	GlobalSection(ExtensibilityGlobals) = postSolution
		SolutionGuid = {3856C399-D4CA-47D2-8103-562B53084187}
	EndGlobalSection
EndGlobal
